
Microsoft Visual Studio Solution File, Format Version 12.00
# Visual Studio Version 17
VisualStudioVersion = 17.5.33627.172
MinimumVisualStudioVersion = 10.0.40219.1
Project("{FAE04EC0-301F-11D3-BF4B-00C04F79EFBC}") = "Week2", "Week2\Week2.csproj", "{297DC6DF-02C3-4628-8CFF-3906888A2781}"
EndProject
Global
	GlobalSection(SolutionConfigurationPlatforms) = preSolution
		Debug|Any CPU = Debug|Any CPU
		Release|Any CPU = Release|Any CPU
	EndGlobalSection
	GlobalSection(ProjectConfigurationPlatforms) = postSolution
		{297DC6DF-02C3-4628-8CFF-3906888A2781}.Debug|Any CPU.ActiveCfg = Debug|Any CPU
		{297DC6DF-02C3-4628-8CFF-3906888A2781}.Debug|Any CPU.Build.0 = Debug|Any CPU
		{297DC6DF-02C3-4628-8CFF-3906888A2781}.Release|Any CPU.ActiveCfg = Release|Any CPU
		{297DC6DF-02C3-4628-8CFF-3906888A2781}.Release|Any CPU.Build.0 = Release|Any CPU
	EndGlobalSection
	GlobalSection(SolutionProperties) = preSolution
		HideSolutionNode = FALSE
	EndGlobalSection
	GlobalSection(ExtensibilityGlobals) = postSolution
		SolutionGuid = {E487378E-9EC0-4554-AEE8-69AB30CE7489}
	EndGlobalSection
EndGlobal
